
Microsoft Visual Studio Solution File, Format Version 12.00
# Visual Studio Version 17
VisualStudioVersion = 17.7.34024.191
MinimumVisualStudioVersion = 10.0.40219.1
Project("{8BC9CEB8-8B4A-11D0-8D11-00A0C91BC942}") = "PROGRAMMING ON THE BASE OF LINEAR", "PROGRAMMING ON THE BASE OF LINEAR\PROGRAMMING ON THE BASE OF LINEAR.vcxproj", "{ECAEECFD-10CA-4E31-AB38-D1F6926E11B6}"
EndProject
Global
	GlobalSection(SolutionConfigurationPlatforms) = preSolution
		Debug|x64 = Debug|x64
		Debug|x86 = Debug|x86
		Release|x64 = Release|x64
		Release|x86 = Release|x86
	EndGlobalSection
	GlobalSection(ProjectConfigurationPlatforms) = postSolution
		{ECAEECFD-10CA-4E31-AB38-D1F6926E11B6}.Debug|x64.ActiveCfg = Debug|x64
		{ECAEECFD-10CA-4E31-AB38-D1F6926E11B6}.Debug|x64.Build.0 = Debug|x64
		{ECAEECFD-10CA-4E31-AB38-D1F6926E11B6}.Debug|x86.ActiveCfg = Debug|Win32
		{ECAEECFD-10CA-4E31-AB38-D1F6926E11B6}.Debug|x86.Build.0 = Debug|Win32
		{ECAEECFD-10CA-4E31-AB38-D1F6926E11B6}.Release|x64.ActiveCfg = Release|x64
		{ECAEECFD-10CA-4E31-AB38-D1F6926E11B6}.Release|x64.Build.0 = Release|x64
		{ECAEECFD-10CA-4E31-AB38-D1F6926E11B6}.Release|x86.ActiveCfg = Release|Win32
		{ECAEECFD-10CA-4E31-AB38-D1F6926E11B6}.Release|x86.Build.0 = Release|Win32
	EndGlobalSection
	GlobalSection(SolutionProperties) = preSolution
		HideSolutionNode = FALSE
	EndGlobalSection
	GlobalSection(ExtensibilityGlobals) = postSolution
		SolutionGuid = {D75B5F00-34FD-4B4C-A408-CA79ABFA42DE}
	EndGlobalSection
EndGlobal
